PODS:
  - Mantle (2.0.7):
    - Mantle/extobjc (= 2.0.7)
  - Mantle/extobjc (2.0.7)
  - MJExtension (3.0.10)
  - YYModel (1.0.3)

DEPENDENCIES:
  - Mantle (~> 2.0.6)
  - MJExtension (~> 3.0.10)
  - YYModel (~> 1.0.2)

SPEC CHECKSUMS:
  Mantle: bc40bb061d8c2c6fb48d5083e04d928c3b7f73d9
  MJExtension: d86aacb740c87519d20e3cca55b6fa4be6cc7548
  YYModel: 63142c2f07c5c8c9d1c261689cf3827ea6ab2886

COCOAPODS: 0.39.0
